
Microsoft Visual Studio Solution File, Format Version 12.00
# Visual Studio Version 17
VisualStudioVersion = 17.11.35327.3
MinimumVisualStudioVersion = 10.0.40219.1
Project("{9A19103F-16F7-4668-BE54-9A1E7A4F7556}") = "Jivar.DAO", "Jivar.DAO\Jivar.DAO.csproj", "{56152CAA-4177-448C-9442-E59551494637}"
EndProject
Project("{9A19103F-16F7-4668-BE54-9A1E7A4F7556}") = "Jivar.BO", "Jivar.BO\Jivar.BO.csproj", "{6272503C-44DA-4790-AB07-E0599A303D9E}"
EndProject
Project("{9A19103F-16F7-4668-BE54-9A1E7A4F7556}") = "Jivar.Repository", "Jivar.Repository\Jivar.Repository.csproj", "{B94D2F7E-582E-405A-BE60-7EE41C2E4B66}"
EndProject
Project("{FAE04EC0-301F-11D3-BF4B-00C04F79EFBC}") = "Jivar.Service", "Jivar.Service\Jivar.Service.csproj", "{C7E1E206-25C7-489B-85A4-338EAD1A6B43}"
EndProject
Project("{FAE04EC0-301F-11D3-BF4B-00C04F79EFBC}") = "Jivar.API", "Jivar.API\Jivar.API.csproj", "{5DED5539-419A-482D-B3D1-E413875708FE}"
EndProject
Global
	GlobalSection(SolutionConfigurationPlatforms) = preSolution
		Debug|Any CPU = Debug|Any CPU
		Release|Any CPU = Release|Any CPU
	EndGlobalSection
	GlobalSection(ProjectConfigurationPlatforms) = postSolution
		{56152CAA-4177-448C-9442-E59551494637}.Debug|Any CPU.ActiveCfg = Debug|Any CPU
		{56152CAA-4177-448C-9442-E59551494637}.Debug|Any CPU.Build.0 = Debug|Any CPU
		{56152CAA-4177-448C-9442-E59551494637}.Release|Any CPU.ActiveCfg = Release|Any CPU
		{56152CAA-4177-448C-9442-E59551494637}.Release|Any CPU.Build.0 = Release|Any CPU
		{6272503C-44DA-4790-AB07-E0599A303D9E}.Debug|Any CPU.ActiveCfg = Debug|Any CPU
		{6272503C-44DA-4790-AB07-E0599A303D9E}.Debug|Any CPU.Build.0 = Debug|Any CPU
		{6272503C-44DA-4790-AB07-E0599A303D9E}.Release|Any CPU.ActiveCfg = Release|Any CPU
		{6272503C-44DA-4790-AB07-E0599A303D9E}.Release|Any CPU.Build.0 = Release|Any CPU
		{B94D2F7E-582E-405A-BE60-7EE41C2E4B66}.Debug|Any CPU.ActiveCfg = Debug|Any CPU
		{B94D2F7E-582E-405A-BE60-7EE41C2E4B66}.Debug|Any CPU.Build.0 = Debug|Any CPU
		{B94D2F7E-582E-405A-BE60-7EE41C2E4B66}.Release|Any CPU.ActiveCfg = Release|Any CPU
		{B94D2F7E-582E-405A-BE60-7EE41C2E4B66}.Release|Any CPU.Build.0 = Release|Any CPU
		{C7E1E206-25C7-489B-85A4-338EAD1A6B43}.Debug|Any CPU.ActiveCfg = Debug|Any CPU
		{C7E1E206-25C7-489B-85A4-338EAD1A6B43}.Debug|Any CPU.Build.0 = Debug|Any CPU
		{C7E1E206-25C7-489B-85A4-338EAD1A6B43}.Release|Any CPU.ActiveCfg = Release|Any CPU
		{C7E1E206-25C7-489B-85A4-338EAD1A6B43}.Release|Any CPU.Build.0 = Release|Any CPU
		{5DED5539-419A-482D-B3D1-E413875708FE}.Debug|Any CPU.ActiveCfg = Debug|Any CPU
		{5DED5539-419A-482D-B3D1-E413875708FE}.Debug|Any CPU.Build.0 = Debug|Any CPU
		{5DED5539-419A-482D-B3D1-E413875708FE}.Release|Any CPU.ActiveCfg = Release|Any CPU
		{5DED5539-419A-482D-B3D1-E413875708FE}.Release|Any CPU.Build.0 = Release|Any CPU
	EndGlobalSection
	GlobalSection(SolutionProperties) = preSolution
		HideSolutionNode = FALSE
	EndGlobalSection
	GlobalSection(ExtensibilityGlobals) = postSolution
		SolutionGuid = {4F941FDC-8A84-4829-95F1-29F174B7529F}
	EndGlobalSection
EndGlobal
